// !$*UTF8*$!
{
	archiveVersion = 1;
	classes = {
	};
	objectVersion = 50;
	objects = {

/* Begin PBXBuildFile section */
		2CA26E1121C222C6001004EE /* NSMFoundation.framework in Frameworks */ = {isa = PBXBuildFile; fileRef = 2CA26E0721C222C6001004EE /* NSMFoundation.framework */; };
		2CA26E1621C222C6001004EE /* NSMFoundationTests.swift in Sources */ = {isa = PBXBuildFile; fileRef = 2CA26E1521C222C6001004EE /* NSMFoundationTests.swift */; };
		2CA26E1821C222C6001004EE /* NSMFoundation.h in Headers */ = {isa = PBXBuildFile; fileRef = 2CA26E0A21C222C6001004EE /* NSMFoundation.h */; settings = {ATTRIBUTES = (Public, ); }; };
		2CA26E2A21C2231E001004EE /* DispatchQueue+NSM.swift in Sources */ = {isa = PBXBuildFile; fileRef = 2CA26E2321C2231E001004EE /* DispatchQueue+NSM.swift */; };
		2CA26E2B21C2231E001004EE /* MutatingLens.swift in Sources */ = {isa = PBXBuildFile; fileRef = 2CA26E2521C2231E001004EE /* MutatingLens.swift */; };
		2CA26E2C21C2231E001004EE /* Monoid.swift in Sources */ = {isa = PBXBuildFile; fileRef = 2CA26E2621C2231E001004EE /* Monoid.swift */; };
		2CA26E2D21C2231E001004EE /* Function.swift in Sources */ = {isa = PBXBuildFile; fileRef = 2CA26E2721C2231E001004EE /* Function.swift */; };
		2CA26E2E21C2231E001004EE /* Prism.swift in Sources */ = {isa = PBXBuildFile; fileRef = 2CA26E2821C2231E001004EE /* Prism.swift */; };
		2CA26E2F21C2231E001004EE /* Lens.swift in Sources */ = {isa = PBXBuildFile; fileRef = 2CA26E2921C2231E001004EE /* Lens.swift */; };
/* End PBXBuildFile section */

/* Begin PBXContainerItemProxy section */
		2CA26E1221C222C6001004EE /* PBXContainerItemProxy */ = {
			isa = PBXContainerItemProxy;
			containerPortal = 2CA26DFE21C222C6001004EE /* Project object */;
			proxyType = 1;
			remoteGlobalIDString = 2CA26E0621C222C6001004EE;
			remoteInfo = NSMFoundation;
		};
/* End PBXContainerItemProxy section */

/* Begin PBXFileReference section */
		2CA26E0721C222C6001004EE /* NSMFoundation.framework */ = {isa = PBXFileReference; explicitFileType = wrapper.framework; includeInIndex = 0; path = NSMFoundation.framework; sourceTree = BUILT_PRODUCTS_DIR; };
		2CA26E0A21C222C6001004EE /* NSMFoundation.h */ = {isa = PBXFileReference; lastKnownFileType = sourcecode.c.h; path = NSMFoundation.h; sourceTree = "<group>"; };
		2CA26E0B21C222C6001004EE /* Info.plist */ = {isa = PBXFileReference; lastKnownFileType = text.plist.xml; path = Info.plist; sourceTree = "<group>"; };
		2CA26E1021C222C6001004EE /* NSMFoundationTests.xctest */ = {isa = PBXFileReference; explicitFileType = wrapper.cfbundle; includeInIndex = 0; path = NSMFoundationTests.xctest; sourceTree = BUILT_PRODUCTS_DIR; };
		2CA26E1521C222C6001004EE /* NSMFoundationTests.swift */ = {isa = PBXFileReference; lastKnownFileType = sourcecode.swift; path = NSMFoundationTests.swift; sourceTree = "<group>"; };
		2CA26E1721C222C6001004EE /* Info.plist */ = {isa = PBXFileReference; lastKnownFileType = text.plist.xml; path = Info.plist; sourceTree = "<group>"; };
		2CA26E2321C2231E001004EE /* DispatchQueue+NSM.swift */ = {isa = PBXFileReference; fileEncoding = 4; lastKnownFileType = sourcecode.swift; path = "DispatchQueue+NSM.swift"; sourceTree = "<group>"; };
		2CA26E2521C2231E001004EE /* MutatingLens.swift */ = {isa = PBXFileReference; fileEncoding = 4; lastKnownFileType = sourcecode.swift; path = MutatingLens.swift; sourceTree = "<group>"; };
		2CA26E2621C2231E001004EE /* Monoid.swift */ = {isa = PBXFileReference; fileEncoding = 4; lastKnownFileType = sourcecode.swift; path = Monoid.swift; sourceTree = "<group>"; };
		2CA26E2721C2231E001004EE /* Function.swift */ = {isa = PBXFileReference; fileEncoding = 4; lastKnownFileType = sourcecode.swift; path = Function.swift; sourceTree = "<group>"; };
		2CA26E2821C2231E001004EE /* Prism.swift */ = {isa = PBXFileReference; fileEncoding = 4; lastKnownFileType = sourcecode.swift; path = Prism.swift; sourceTree = "<group>"; };
		2CA26E2921C2231E001004EE /* Lens.swift */ = {isa = PBXFileReference; fileEncoding = 4; lastKnownFileType = sourcecode.swift; path = Lens.swift; sourceTree = "<group>"; };
/* End PBXFileReference section */

/* Begin PBXFrameworksBuildPhase section */
		2CA26E0421C222C6001004EE /* Frameworks */ = {
			isa = PBXFrameworksBuildPhase;
			buildActionMask = 2147483647;
			files = (
			);
			runOnlyForDeploymentPostprocessing = 0;
		};
		2CA26E0D21C222C6001004EE /* Frameworks */ = {
			isa = PBXFrameworksBuildPhase;
			buildActionMask = 2147483647;
			files = (
				2CA26E1121C222C6001004EE /* NSMFoundation.framework in Frameworks */,
			);
			runOnlyForDeploymentPostprocessing = 0;
		};
/* End PBXFrameworksBuildPhase section */

/* Begin PBXGroup section */
		2CA26DFD21C222C6001004EE = {
			isa = PBXGroup;
			children = (
				2CA26E0921C222C6001004EE /* NSMFoundation */,
				2CA26E1421C222C6001004EE /* NSMFoundationTests */,
				2CA26E0821C222C6001004EE /* Products */,
			);
			sourceTree = "<group>";
		};
		2CA26E0821C222C6001004EE /* Products */ = {
			isa = PBXGroup;
			children = (
				2CA26E0721C222C6001004EE /* NSMFoundation.framework */,
				2CA26E1021C222C6001004EE /* NSMFoundationTests.xctest */,
			);
			name = Products;
			sourceTree = "<group>";
		};
		2CA26E0921C222C6001004EE /* NSMFoundation */ = {
			isa = PBXGroup;
			children = (
				2CA26E0A21C222C6001004EE /* NSMFoundation.h */,
				2CA26E0B21C222C6001004EE /* Info.plist */,
				2CA26E2121C2231E001004EE /* Sources */,
			);
			path = NSMFoundation;
			sourceTree = "<group>";
		};
		2CA26E1421C222C6001004EE /* NSMFoundationTests */ = {
			isa = PBXGroup;
			children = (
				2CA26E1521C222C6001004EE /* NSMFoundationTests.swift */,
				2CA26E1721C222C6001004EE /* Info.plist */,
			);
			path = NSMFoundationTests;
			sourceTree = "<group>";
		};
		2CA26E2121C2231E001004EE /* Sources */ = {
			isa = PBXGroup;
			children = (
				2CA26E2221C2231E001004EE /* Extensions */,
				2CA26E2421C2231E001004EE /* Functional */,
			);
			path = Sources;
			sourceTree = "<group>";
		};
		2CA26E2221C2231E001004EE /* Extensions */ = {
			isa = PBXGroup;
			children = (
				2CA26E2321C2231E001004EE /* DispatchQueue+NSM.swift */,
			);
			path = Extensions;
			sourceTree = "<group>";
		};
		2CA26E2421C2231E001004EE /* Functional */ = {
			isa = PBXGroup;
			children = (
				2CA26E2521C2231E001004EE /* MutatingLens.swift */,
				2CA26E2621C2231E001004EE /* Monoid.swift */,
				2CA26E2721C2231E001004EE /* Function.swift */,
				2CA26E2821C2231E001004EE /* Prism.swift */,
				2CA26E2921C2231E001004EE /* Lens.swift */,
			);
			path = Functional;
			sourceTree = "<group>";
		};
/* End PBXGroup section */

/* Begin PBXHeadersBuildPhase section */
		2CA26E0221C222C6001004EE /* Headers */ = {
			isa = PBXHeadersBuildPhase;
			buildActionMask = 2147483647;
			files = (
				2CA26E1821C222C6001004EE /* NSMFoundation.h in Headers */,
			);
			runOnlyForDeploymentPostprocessing = 0;
		};
/* End PBXHeadersBuildPhase section */

/* Begin PBXNativeTarget section */
		2CA26E0621C222C6001004EE /* NSMFoundation */ = {
			isa = PBXNativeTarget;
			buildConfigurationList = 2CA26E1B21C222C6001004EE /* Build configuration list for PBXNativeTarget "NSMFoundation" */;
			buildPhases = (
				2CA26E0221C222C6001004EE /* Headers */,
				2CA26E0321C222C6001004EE /* Sources */,
				2CA26E0421C222C6001004EE /* Frameworks */,
				2CA26E0521C222C6001004EE /* Resources */,
			);
			buildRules = (
			);
			dependencies = (
			);
			name = NSMFoundation;
			productName = NSMFoundation;
			productReference = 2CA26E0721C222C6001004EE /* NSMFoundation.framework */;
			productType = "com.apple.product-type.framework";
		};
		2CA26E0F21C222C6001004EE /* NSMFoundationTests */ = {
			isa = PBXNativeTarget;
			buildConfigurationList = 2CA26E1E21C222C6001004EE /* Build configuration list for PBXNativeTarget "NSMFoundationTests" */;
			buildPhases = (
				2CA26E0C21C222C6001004EE /* Sources */,
				2CA26E0D21C222C6001004EE /* Frameworks */,
				2CA26E0E21C222C6001004EE /* Resources */,
			);
			buildRules = (
			);
			dependencies = (
				2CA26E1321C222C6001004EE /* PBXTargetDependency */,
			);
			name = NSMFoundationTests;
			productName = NSMFoundationTests;
			productReference = 2CA26E1021C222C6001004EE /* NSMFoundationTests.xctest */;
			productType = "com.apple.product-type.bundle.unit-test";
		};
/* End PBXNativeTarget section */

/* Begin PBXProject section */
		2CA26DFE21C222C6001004EE /* Project object */ = {
			isa = PBXProject;
			attributes = {
				LastSwiftUpdateCheck = 1010;
				LastUpgradeCheck = 1010;
				ORGANIZATIONNAME = "Marc Bauer";
				TargetAttributes = {
					2CA26E0621C222C6001004EE = {
						CreatedOnToolsVersion = 10.1;
					};
					2CA26E0F21C222C6001004EE = {
						CreatedOnToolsVersion = 10.1;
					};
				};
			};
			buildConfigurationList = 2CA26E0121C222C6001004EE /* Build configuration list for PBXProject "NSMFoundation" */;
			compatibilityVersion = "Xcode 9.3";
			developmentRegion = en;
			hasScannedForEncodings = 0;
			knownRegions = (
				en,
			);
			mainGroup = 2CA26DFD21C222C6001004EE;
			productRefGroup = 2CA26E0821C222C6001004EE /* Products */;
			projectDirPath = "";
			projectRoot = "";
			targets = (
				2CA26E0621C222C6001004EE /* NSMFoundation */,
				2CA26E0F21C222C6001004EE /* NSMFoundationTests */,
			);
		};
/* End PBXProject section */

/* Begin PBXResourcesBuildPhase section */
		2CA26E0521C222C6001004EE /* Resources */ = {
			isa = PBXResourcesBuildPhase;
			buildActionMask = 2147483647;
			files = (
			);
			runOnlyForDeploymentPostprocessing = 0;
		};
		2CA26E0E21C222C6001004EE /* Resources */ = {
			isa = PBXResourcesBuildPhase;
			buildActionMask = 2147483647;
			files = (
			);
			runOnlyForDeploymentPostprocessing = 0;
		};
/* End PBXResourcesBuildPhase section */

/* Begin PBXSourcesBuildPhase section */
		2CA26E0321C222C6001004EE /* Sources */ = {
			isa = PBXSourcesBuildPhase;
			buildActionMask = 2147483647;
			files = (
				2CA26E2C21C2231E001004EE /* Monoid.swift in Sources */,
				2CA26E2B21C2231E001004EE /* MutatingLens.swift in Sources */,
				2CA26E2A21C2231E001004EE /* DispatchQueue+NSM.swift in Sources */,
				2CA26E2D21C2231E001004EE /* Function.swift in Sources */,
				2CA26E2E21C2231E001004EE /* Prism.swift in Sources */,
				2CA26E2F21C2231E001004EE /* Lens.swift in Sources */,
			);
			runOnlyForDeploymentPostprocessing = 0;
		};
		2CA26E0C21C222C6001004EE /* Sources */ = {
			isa = PBXSourcesBuildPhase;
			buildActionMask = 2147483647;
			files = (
				2CA26E1621C222C6001004EE /* NSMFoundationTests.swift in Sources */,
			);
			runOnlyForDeploymentPostprocessing = 0;
		};
/* End PBXSourcesBuildPhase section */

/* Begin PBXTargetDependency section */
		2CA26E1321C222C6001004EE /* PBXTargetDependency */ = {
			isa = PBXTargetDependency;
			target = 2CA26E0621C222C6001004EE /* NSMFoundation */;
			targetProxy = 2CA26E1221C222C6001004EE /* PBXContainerItemProxy */;
		};
/* End PBXTargetDependency section */

/* Begin XCBuildConfiguration section */
		2CA26E1921C222C6001004EE /* Debug */ = {
			isa = XCBuildConfiguration;
			buildSettings = {
				ALWAYS_SEARCH_USER_PATHS = NO;
				CLANG_ANALYZER_NONNULL = YES;
				CLANG_ANALYZER_NUMBER_OBJECT_CONVERSION = YES_AGGRESSIVE;
				CLANG_CXX_LANGUAGE_STANDARD = "gnu++14";
				CLANG_CXX_LIBRARY = "libc++";
				CLANG_ENABLE_MODULES = YES;
				CLANG_ENABLE_OBJC_ARC = YES;
				CLANG_ENABLE_OBJC_WEAK = YES;
				CLANG_WARN_BLOCK_CAPTURE_AUTORELEASING = YES;
				CLANG_WARN_BOOL_CONVERSION = YES;
				CLANG_WARN_COMMA = YES;
				CLANG_WARN_CONSTANT_CONVERSION = YES;
				CLANG_WARN_DEPRECATED_OBJC_IMPLEMENTATIONS = YES;
				CLANG_WARN_DIRECT_OBJC_ISA_USAGE = YES_ERROR;
				CLANG_WARN_DOCUMENTATION_COMMENTS = YES;
				CLANG_WARN_EMPTY_BODY = YES;
				CLANG_WARN_ENUM_CONVERSION = YES;
				CLANG_WARN_INFINITE_RECURSION = YES;
				CLANG_WARN_INT_CONVERSION = YES;
				CLANG_WARN_NON_LITERAL_NULL_CONVERSION = YES;
				CLANG_WARN_OBJC_IMPLICIT_RETAIN_SELF = YES;
				CLANG_WARN_OBJC_LITERAL_CONVERSION = YES;
				CLANG_WARN_OBJC_ROOT_CLASS = YES_ERROR;
				CLANG_WARN_RANGE_LOOP_ANALYSIS = YES;
				CLANG_WARN_STRICT_PROTOTYPES = YES;
				CLANG_WARN_SUSPICIOUS_MOVE = YES;
				CLANG_WARN_UNGUARDED_AVAILABILITY = YES_AGGRESSIVE;
				CLANG_WARN_UNREACHABLE_CODE = YES;
				CLANG_WARN__DUPLICATE_METHOD_MATCH = YES;
				CODE_SIGN_IDENTITY = "iPhone Developer";
				COPY_PHASE_STRIP = NO;
				CURRENT_PROJECT_VERSION = 1;
				DEBUG_INFORMATION_FORMAT = dwarf;
				ENABLE_STRICT_OBJC_MSGSEND = YES;
				ENABLE_TESTABILITY = YES;
				GCC_C_LANGUAGE_STANDARD = gnu11;
				GCC_DYNAMIC_NO_PIC = NO;
				GCC_NO_COMMON_BLOCKS = YES;
				GCC_OPTIMIZATION_LEVEL = 0;
				GCC_PREPROCESSOR_DEFINITIONS = (
					"DEBUG=1",
					"$(inherited)",
				);
				GCC_WARN_64_TO_32_BIT_CONVERSION = YES;
				GCC_WARN_ABOUT_RETURN_TYPE = YES_ERROR;
				GCC_WARN_UNDECLARED_SELECTOR = YES;
				GCC_WARN_UNINITIALIZED_AUTOS = YES_AGGRESSIVE;
				GCC_WARN_UNUSED_FUNCTION = YES;
				GCC_WARN_UNUSED_VARIABLE = YES;
				IPHONEOS_DEPLOYMENT_TARGET = 10.0;
				MTL_ENABLE_DEBUG_INFO = INCLUDE_SOURCE;
				MTL_FAST_MATH = YES;
				ONLY_ACTIVE_ARCH = YES;
				SDKROOT = iphoneos;
				SUPPORTED_PLATFORMS = "iphonesimulator iphoneos macosx";
				SWIFT_ACTIVE_COMPILATION_CONDITIONS = DEBUG;
				SWIFT_OPTIMIZATION_LEVEL = "-Onone";
				VERSIONING_SYSTEM = "apple-generic";
				VERSION_INFO_PREFIX = "";
			};
			name = Debug;
		};
		2CA26E1A21C222C6001004EE /* Release */ = {
			isa = XCBuildConfiguration;
			buildSettings = {
				ALWAYS_SEARCH_USER_PATHS = NO;
				CLANG_ANALYZER_NONNULL = YES;
				CLANG_ANALYZER_NUMBER_OBJECT_CONVERSION = YES_AGGRESSIVE;
				CLANG_CXX_LANGUAGE_STANDARD = "gnu++14";
				CLANG_CXX_LIBRARY = "libc++";
				CLANG_ENABLE_MODULES = YES;
				CLANG_ENABLE_OBJC_ARC = YES;
				CLANG_ENABLE_OBJC_WEAK = YES;
				CLANG_WARN_BLOCK_CAPTURE_AUTORELEASING = YES;
				CLANG_WARN_BOOL_CONVERSION = YES;
				CLANG_WARN_COMMA = YES;
				CLANG_WARN_CONSTANT_CONVERSION = YES;
				CLANG_WARN_DEPRECATED_OBJC_IMPLEMENTATIONS = YES;
				CLANG_WARN_DIRECT_OBJC_ISA_USAGE = YES_ERROR;
				CLANG_WARN_DOCUMENTATION_COMMENTS = YES;
				CLANG_WARN_EMPTY_BODY = YES;
				CLANG_WARN_ENUM_CONVERSION = YES;
				CLANG_WARN_INFINITE_RECURSION = YES;
				CLANG_WARN_INT_CONVERSION = YES;
				CLANG_WARN_NON_LITERAL_NULL_CONVERSION = YES;
				CLANG_WARN_OBJC_IMPLICIT_RETAIN_SELF = YES;
				CLANG_WARN_OBJC_LITERAL_CONVERSION = YES;
				CLANG_WARN_OBJC_ROOT_CLASS = YES_ERROR;
				CLANG_WARN_RANGE_LOOP_ANALYSIS = YES;
				CLANG_WARN_STRICT_PROTOTYPES = YES;
				CLANG_WARN_SUSPICIOUS_MOVE = YES;
				CLANG_WARN_UNGUARDED_AVAILABILITY = YES_AGGRESSIVE;
				CLANG_WARN_UNREACHABLE_CODE = YES;
				CLANG_WARN__DUPLICATE_METHOD_MATCH = YES;
				CODE_SIGN_IDENTITY = "iPhone Developer";
				COPY_PHASE_STRIP = NO;
				CURRENT_PROJECT_VERSION = 1;
				DEBUG_INFORMATION_FORMAT = "dwarf-with-dsym";
				ENABLE_NS_ASSERTIONS = NO;
				ENABLE_STRICT_OBJC_MSGSEND = YES;
				GCC_C_LANGUAGE_STANDARD = gnu11;
				GCC_NO_COMMON_BLOCKS = YES;
				GCC_WARN_64_TO_32_BIT_CONVERSION = YES;
				GCC_WARN_ABOUT_RETURN_TYPE = YES_ERROR;
				GCC_WARN_UNDECLARED_SELECTOR = YES;
				GCC_WARN_UNINITIALIZED_AUTOS = YES_AGGRESSIVE;
				GCC_WARN_UNUSED_FUNCTION = YES;
				GCC_WARN_UNUSED_VARIABLE = YES;
				IPHONEOS_DEPLOYMENT_TARGET = 10.0;
				MTL_ENABLE_DEBUG_INFO = NO;
				MTL_FAST_MATH = YES;
				SDKROOT = iphoneos;
				SUPPORTED_PLATFORMS = "iphonesimulator iphoneos macosx";
				SWIFT_COMPILATION_MODE = wholemodule;
				SWIFT_OPTIMIZATION_LEVEL = "-O";
				VALIDATE_PRODUCT = YES;
				VERSIONING_SYSTEM = "apple-generic";
				VERSION_INFO_PREFIX = "";
			};
			name = Release;
		};
		2CA26E1C21C222C6001004EE /* Debug */ = {
			isa = XCBuildConfiguration;
			buildSettings = {
				CODE_SIGN_IDENTITY = "";
				CODE_SIGN_STYLE = Automatic;
				DEFINES_MODULE = YES;
				DEVELOPMENT_TEAM = EMF866L2YQ;
				DYLIB_COMPATIBILITY_VERSION = 1;
				DYLIB_CURRENT_VERSION = 1;
				DYLIB_INSTALL_NAME_BASE = "@rpath";
				INFOPLIST_FILE = NSMFoundation/Info.plist;
				INSTALL_PATH = "$(LOCAL_LIBRARY_DIR)/Frameworks";
				LD_RUNPATH_SEARCH_PATHS = (
					"$(inherited)",
					"@executable_path/Frameworks",
					"@loader_path/Frameworks",
				);
				PRODUCT_BUNDLE_IDENTIFIER = com.nesium.NSMFoundation;
				PRODUCT_NAME = "$(TARGET_NAME:c99extidentifier)";
				SKIP_INSTALL = YES;
				SWIFT_VERSION = 4.2;
				TARGETED_DEVICE_FAMILY = "1,2";
			};
			name = Debug;
		};
		2CA26E1D21C222C6001004EE /* Release */ = {
			isa = XCBuildConfiguration;
			buildSettings = {
				CODE_SIGN_IDENTITY = "";
				CODE_SIGN_STYLE = Automatic;
				DEFINES_MODULE = YES;
				DEVELOPMENT_TEAM = EMF866L2YQ;
				DYLIB_COMPATIBILITY_VERSION = 1;
				DYLIB_CURRENT_VERSION = 1;
				DYLIB_INSTALL_NAME_BASE = "@rpath";
				INFOPLIST_FILE = NSMFoundation/Info.plist;
				INSTALL_PATH = "$(LOCAL_LIBRARY_DIR)/Frameworks";
				LD_RUNPATH_SEARCH_PATHS = (
					"$(inherited)",
					"@executable_path/Frameworks",
					"@loader_path/Frameworks",
				);
				PRODUCT_BUNDLE_IDENTIFIER = com.nesium.NSMFoundation;
				PRODUCT_NAME = "$(TARGET_NAME:c99extidentifier)";
				SKIP_INSTALL = YES;
				SWIFT_VERSION = 4.2;
				TARGETED_DEVICE_FAMILY = "1,2";
			};
			name = Release;
		};
		2CA26E1F21C222C6001004EE /* Debug */ = {
			isa = XCBuildConfiguration;
			buildSettings = {
				ALWAYS_EMBED_SWIFT_STANDARD_LIBRARIES = YES;
				CODE_SIGN_STYLE = Automatic;
				DEVELOPMENT_TEAM = EMF866L2YQ;
				INFOPLIST_FILE = NSMFoundationTests/Info.plist;
				LD_RUNPATH_SEARCH_PATHS = (
					"$(inherited)",
					"@executable_path/Frameworks",
					"@loader_path/Frameworks",
				);
				PRODUCT_BUNDLE_IDENTIFIER = com.nesium.NSMFoundationTests;
				PRODUCT_NAME = "$(TARGET_NAME)";
				SWIFT_VERSION = 4.2;
				TARGETED_DEVICE_FAMILY = "1,2";
			};
			name = Debug;
		};
		2CA26E2021C222C6001004EE /* Release */ = {
			isa = XCBuildConfiguration;
			buildSettings = {
				ALWAYS_EMBED_SWIFT_STANDARD_LIBRARIES = YES;
				CODE_SIGN_STYLE = Automatic;
				DEVELOPMENT_TEAM = EMF866L2YQ;
				INFOPLIST_FILE = NSMFoundationTests/Info.plist;
				LD_RUNPATH_SEARCH_PATHS = (
					"$(inherited)",
					"@executable_path/Frameworks",
					"@loader_path/Frameworks",
				);
				PRODUCT_BUNDLE_IDENTIFIER = com.nesium.NSMFoundationTests;
				PRODUCT_NAME = "$(TARGET_NAME)";
				SWIFT_VERSION = 4.2;
				TARGETED_DEVICE_FAMILY = "1,2";
			};
			name = Release;
		};
/* End XCBuildConfiguration section */

/* Begin XCConfigurationList section */
		2CA26E0121C222C6001004EE /* Build configuration list for PBXProject "NSMFoundation" */ = {
			isa = XCConfigurationList;
			buildConfigurations = (
				2CA26E1921C222C6001004EE /* Debug */,
				2CA26E1A21C222C6001004EE /* Release */,
			);
			defaultConfigurationIsVisible = 0;
			defaultConfigurationName = Release;
		};
		2CA26E1B21C222C6001004EE /* Build configuration list for PBXNativeTarget "NSMFoundation" */ = {
			isa = XCConfigurationList;
			buildConfigurations = (
				2CA26E1C21C222C6001004EE /* Debug */,
				2CA26E1D21C222C6001004EE /* Release */,
			);
			defaultConfigurationIsVisible = 0;
			defaultConfigurationName = Release;
		};
		2CA26E1E21C222C6001004EE /* Build configuration list for PBXNativeTarget "NSMFoundationTests" */ = {
			isa = XCConfigurationList;
			buildConfigurations = (
				2CA26E1F21C222C6001004EE /* Debug */,
				2CA26E2021C222C6001004EE /* Release */,
			);
			defaultConfigurationIsVisible = 0;
			defaultConfigurationName = Release;
		};
/* End XCConfigurationList section */
	};
	rootObject = 2CA26DFE21C222C6001004EE /* Project object */;
}
